
Microsoft Visual Studio Solution File, Format Version 12.00
# Visual Studio Version 16
VisualStudioVersion = 16.0.30413.136
MinimumVisualStudioVersion = 10.0.40219.1
Project("{FAE04EC0-301F-11D3-BF4B-00C04F79EFBC}") = "Banken", "Banken\Banken.csproj", "{FF83C07A-02E7-4E1C-9909-FDDB4904FE33}"
EndProject
Global
	GlobalSection(SolutionConfigurationPlatforms) = preSolution
		Debug|Any CPU = Debug|Any CPU
		Release|Any CPU = Release|Any CPU
	EndGlobalSection
	GlobalSection(ProjectConfigurationPlatforms) = postSolution
		{FF83C07A-02E7-4E1C-9909-FDDB4904FE33}.Debug|Any CPU.ActiveCfg = Debug|Any CPU
		{FF83C07A-02E7-4E1C-9909-FDDB4904FE33}.Debug|Any CPU.Build.0 = Debug|Any CPU
		{FF83C07A-02E7-4E1C-9909-FDDB4904FE33}.Release|Any CPU.ActiveCfg = Release|Any CPU
		{FF83C07A-02E7-4E1C-9909-FDDB4904FE33}.Release|Any CPU.Build.0 = Release|Any CPU
	EndGlobalSection
	GlobalSection(SolutionProperties) = preSolution
		HideSolutionNode = FALSE
	EndGlobalSection
	GlobalSection(ExtensibilityGlobals) = postSolution
		SolutionGuid = {9FA83FE3-CA17-489B-A994-651FD1E0975D}
	EndGlobalSection
EndGlobal
